// !$*UTF8*$!
{
	archiveVersion = 1;
	classes = {
	};
	objectVersion = 46;
	objects = {

/* Begin PBXBuildFile section */
		2ED34793E08C4CFCA48F9C56 /* libPods.a in Frameworks */ = {isa = PBXBuildFile; fileRef = BD329F8E2E29471890DBE87C /* libPods.a */; };
		6005A2B01943981C00B2608C /* IKJBlurrerManager.m in Sources */ = {isa = PBXBuildFile; fileRef = 6005A2AF1943981C00B2608C /* IKJBlurrerManager.m */; };
		6005A2B1194398CD00B2608C /* IKJNetworkBlurrers.m in Sources */ = {isa = PBXBuildFile; fileRef = 6005A2AC1943932E00B2608C /* IKJNetworkBlurrers.m */; };
		6005A2B519439CBE00B2608C /* IKJChat.m in Sources */ = {isa = PBXBuildFile; fileRef = 6005A2B419439CBE00B2608C /* IKJChat.m */; };
		672B6DC319438F3300094C8F /* MainStoryboard.storyboard in Resources */ = {isa = PBXBuildFile; fileRef = 672B6DC219438F3300094C8F /* MainStoryboard.storyboard */; };
		672B6DC71943903400094C8F /* IKJChatRoomViewController.m in Sources */ = {isa = PBXBuildFile; fileRef = 672B6DC61943903400094C8F /* IKJChatRoomViewController.m */; };
		672B6DCA1943922E00094C8F /* IKJChatRoomTableViewCell.m in Sources */ = {isa = PBXBuildFile; fileRef = 672B6DC91943922E00094C8F /* IKJChatRoomTableViewCell.m */; };
		A045AF161943896F00DEF243 /* Foundation.framework in Frameworks */ = {isa = PBXBuildFile; fileRef = A045AF151943896F00DEF243 /* Foundation.framework */; };
		A045AF181943896F00DEF243 /* CoreGraphics.framework in Frameworks */ = {isa = PBXBuildFile; fileRef = A045AF171943896F00DEF243 /* CoreGraphics.framework */; };
		A045AF1A1943896F00DEF243 /* UIKit.framework in Frameworks */ = {isa = PBXBuildFile; fileRef = A045AF191943896F00DEF243 /* UIKit.framework */; };
		A045AF201943896F00DEF243 /* InfoPlist.strings in Resources */ = {isa = PBXBuildFile; fileRef = A045AF1E1943896F00DEF243 /* InfoPlist.strings */; };
		A045AF221943896F00DEF243 /* main.m in Sources */ = {isa = PBXBuildFile; fileRef = A045AF211943896F00DEF243 /* main.m */; };
		A045AF261943896F00DEF243 /* IKJAppDelegate.m in Sources */ = {isa = PBXBuildFile; fileRef = A045AF251943896F00DEF243 /* IKJAppDelegate.m */; };
		A045AF281943896F00DEF243 /* Images.xcassets in Resources */ = {isa = PBXBuildFile; fileRef = A045AF271943896F00DEF243 /* Images.xcassets */; };
		A045AF2F1943896F00DEF243 /* XCTest.framework in Frameworks */ = {isa = PBXBuildFile; fileRef = A045AF2E1943896F00DEF243 /* XCTest.framework */; };
		A045AF301943896F00DEF243 /* Foundation.framework in Frameworks */ = {isa = PBXBuildFile; fileRef = A045AF151943896F00DEF243 /* Foundation.framework */; };
		A045AF311943896F00DEF243 /* UIKit.framework in Frameworks */ = {isa = PBXBuildFile; fileRef = A045AF191943896F00DEF243 /* UIKit.framework */; };
		A045AF391943896F00DEF243 /* InfoPlist.strings in Resources */ = {isa = PBXBuildFile; fileRef = A045AF371943896F00DEF243 /* InfoPlist.strings */; };
		A045AF3B1943896F00DEF243 /* InterfaCSSStatusBarBlurryTableViewControllerTests.m in Sources */ = {isa = PBXBuildFile; fileRef = A045AF3A1943896F00DEF243 /* InterfaCSSStatusBarBlurryTableViewControllerTests.m */; };
		A045AF4619438E4200DEF243 /* IKJBlurrer.m in Sources */ = {isa = PBXBuildFile; fileRef = A045AF4519438E4200DEF243 /* IKJBlurrer.m */; };
		A045AF4C1943967D00DEF243 /* IKJSettingsViewController.m in Sources */ = {isa = PBXBuildFile; fileRef = A045AF4B1943967D00DEF243 /* IKJSettingsViewController.m */; };
/* End PBXBuildFile section */

/* Begin PBXContainerItemProxy section */
		A045AF321943896F00DEF243 /* PBXContainerItemProxy */ = {
			isa = PBXContainerItemProxy;
			containerPortal = A045AF0A1943896F00DEF243 /* Project object */;
			proxyType = 1;
			remoteGlobalIDString = A045AF111943896F00DEF243;
			remoteInfo = InterfaCSSStatusBarBlurryTableViewController;
		};
/* End PBXContainerItemProxy section */

/* Begin PBXFileReference section */
		1EF5D25F82094C7EBD437D40 /* Pods.xcconfig */ = {isa = PBXFileReference; includeInIndex = 1; lastKnownFileType = text.xcconfig; name = Pods.xcconfig; path = Pods/Pods.xcconfig; sourceTree = "<group>"; };
		6005A2AB1943932E00B2608C /* IKJNetworkBlurrers.h */ = {isa = PBXFileReference; fileEncoding = 4; lastKnownFileType = sourcecode.c.h; path = IKJNetworkBlurrers.h; sourceTree = "<group>"; };
		6005A2AC1943932E00B2608C /* IKJNetworkBlurrers.m */ = {isa = PBXFileReference; fileEncoding = 4; lastKnownFileType = sourcecode.c.objc; path = IKJNetworkBlurrers.m; sourceTree = "<group>"; };
		6005A2AE1943981C00B2608C /* IKJBlurrerManager.h */ = {isa = PBXFileReference; fileEncoding = 4; lastKnownFileType = sourcecode.c.h; path = IKJBlurrerManager.h; sourceTree = "<group>"; };
		6005A2AF1943981C00B2608C /* IKJBlurrerManager.m */ = {isa = PBXFileReference; fileEncoding = 4; lastKnownFileType = sourcecode.c.objc; path = IKJBlurrerManager.m; sourceTree = "<group>"; };
		6005A2B319439CBE00B2608C /* IKJChat.h */ = {isa = PBXFileReference; fileEncoding = 4; lastKnownFileType = sourcecode.c.h; path = IKJChat.h; sourceTree = "<group>"; };
		6005A2B419439CBE00B2608C /* IKJChat.m */ = {isa = PBXFileReference; fileEncoding = 4; lastKnownFileType = sourcecode.c.objc; path = IKJChat.m; sourceTree = "<group>"; };
		672B6DC219438F3300094C8F /* MainStoryboard.storyboard */ = {isa = PBXFileReference; fileEncoding = 4; lastKnownFileType = file.storyboard; path = MainStoryboard.storyboard; sourceTree = "<group>"; };
		672B6DC51943903400094C8F /* IKJChatRoomViewController.h */ = {isa = PBXFileReference; fileEncoding = 4; lastKnownFileType = sourcecode.c.h; path = IKJChatRoomViewController.h; sourceTree = "<group>"; };
		672B6DC61943903400094C8F /* IKJChatRoomViewController.m */ = {isa = PBXFileReference; fileEncoding = 4; lastKnownFileType = sourcecode.c.objc; path = IKJChatRoomViewController.m; sourceTree = "<group>"; };
		672B6DC81943922E00094C8F /* IKJChatRoomTableViewCell.h */ = {isa = PBXFileReference; fileEncoding = 4; lastKnownFileType = sourcecode.c.h; path = IKJChatRoomTableViewCell.h; sourceTree = "<group>"; };
		672B6DC91943922E00094C8F /* IKJChatRoomTableViewCell.m */ = {isa = PBXFileReference; fileEncoding = 4; lastKnownFileType = sourcecode.c.objc; path = IKJChatRoomTableViewCell.m; sourceTree = "<group>"; };
		A045AF121943896F00DEF243 /* InterfaCSSStatusBarBlurryTableViewController.app */ = {isa = PBXFileReference; explicitFileType = wrapper.application; includeInIndex = 0; path = InterfaCSSStatusBarBlurryTableViewController.app; sourceTree = BUILT_PRODUCTS_DIR; };
		A045AF151943896F00DEF243 /* Foundation.framework */ = {isa = PBXFileReference; lastKnownFileType = wrapper.framework; name = Foundation.framework; path = System/Library/Frameworks/Foundation.framework; sourceTree = SDKROOT; };
		A045AF171943896F00DEF243 /* CoreGraphics.framework */ = {isa = PBXFileReference; lastKnownFileType = wrapper.framework; name = CoreGraphics.framework; path = System/Library/Frameworks/CoreGraphics.framework; sourceTree = SDKROOT; };
		A045AF191943896F00DEF243 /* UIKit.framework */ = {isa = PBXFileReference; lastKnownFileType = wrapper.framework; name = UIKit.framework; path = System/Library/Frameworks/UIKit.framework; sourceTree = SDKROOT; };
		A045AF1D1943896F00DEF243 /* InterfaCSSStatusBarBlurryTableViewController-Info.plist */ = {isa = PBXFileReference; lastKnownFileType = text.plist.xml; path = "InterfaCSSStatusBarBlurryTableViewController-Info.plist"; sourceTree = "<group>"; };
		A045AF1F1943896F00DEF243 /* en */ = {isa = PBXFileReference; lastKnownFileType = text.plist.strings; name = en; path = en.lproj/InfoPlist.strings; sourceTree = "<group>"; };
		A045AF211943896F00DEF243 /* main.m */ = {isa = PBXFileReference; lastKnownFileType = sourcecode.c.objc; path = main.m; sourceTree = "<group>"; };
		A045AF231943896F00DEF243 /* InterfaCSSStatusBarBlurryTableViewController-Prefix.pch */ = {isa = PBXFileReference; lastKnownFileType = sourcecode.c.h; path = "InterfaCSSStatusBarBlurryTableViewController-Prefix.pch"; sourceTree = "<group>"; };
		A045AF241943896F00DEF243 /* IKJAppDelegate.h */ = {isa = PBXFileReference; lastKnownFileType = sourcecode.c.h; path = IKJAppDelegate.h; sourceTree = "<group>"; };
		A045AF251943896F00DEF243 /* IKJAppDelegate.m */ = {isa = PBXFileReference; lastKnownFileType = sourcecode.c.objc; path = IKJAppDelegate.m; sourceTree = "<group>"; };
		A045AF271943896F00DEF243 /* Images.xcassets */ = {isa = PBXFileReference; lastKnownFileType = folder.assetcatalog; path = Images.xcassets; sourceTree = "<group>"; };
		A045AF2D1943896F00DEF243 /* InterfaCSSStatusBarBlurryTableViewControllerTests.xctest */ = {isa = PBXFileReference; explicitFileType = wrapper.cfbundle; includeInIndex = 0; path = InterfaCSSStatusBarBlurryTableViewControllerTests.xctest; sourceTree = BUILT_PRODUCTS_DIR; };
		A045AF2E1943896F00DEF243 /* XCTest.framework */ = {isa = PBXFileReference; lastKnownFileType = wrapper.framework; name = XCTest.framework; path = Library/Frameworks/XCTest.framework; sourceTree = DEVELOPER_DIR; };
		A045AF361943896F00DEF243 /* InterfaCSSStatusBarBlurryTableViewControllerTests-Info.plist */ = {isa = PBXFileReference; lastKnownFileType = text.plist.xml; path = "InterfaCSSStatusBarBlurryTableViewControllerTests-Info.plist"; sourceTree = "<group>"; };
		A045AF381943896F00DEF243 /* en */ = {isa = PBXFileReference; lastKnownFileType = text.plist.strings; name = en; path = en.lproj/InfoPlist.strings; sourceTree = "<group>"; };
		A045AF3A1943896F00DEF243 /* InterfaCSSStatusBarBlurryTableViewControllerTests.m */ = {isa = PBXFileReference; lastKnownFileType = sourcecode.c.objc; path = InterfaCSSStatusBarBlurryTableViewControllerTests.m; sourceTree = "<group>"; };
		A045AF4419438E4200DEF243 /* IKJBlurrer.h */ = {isa = PBXFileReference; fileEncoding = 4; lastKnownFileType = sourcecode.c.h; path = IKJBlurrer.h; sourceTree = "<group>"; };
		A045AF4519438E4200DEF243 /* IKJBlurrer.m */ = {isa = PBXFileReference; fileEncoding = 4; lastKnownFileType = sourcecode.c.objc; path = IKJBlurrer.m; sourceTree = "<group>"; };
		A045AF4A1943967D00DEF243 /* IKJSettingsViewController.h */ = {isa = PBXFileReference; fileEncoding = 4; lastKnownFileType = sourcecode.c.h; path = IKJSettingsViewController.h; sourceTree = "<group>"; };
		A045AF4B1943967D00DEF243 /* IKJSettingsViewController.m */ = {isa = PBXFileReference; fileEncoding = 4; lastKnownFileType = sourcecode.c.objc; path = IKJSettingsViewController.m; sourceTree = "<group>"; };
		BD329F8E2E29471890DBE87C /* libPods.a */ = {isa = PBXFileReference; explicitFileType = archive.ar; includeInIndex = 0; path = libPods.a; sourceTree = BUILT_PRODUCTS_DIR; };
/* End PBXFileReference section */

/* Begin PBXFrameworksBuildPhase section */
		A045AF0F1943896F00DEF243 /* Frameworks */ = {
			isa = PBXFrameworksBuildPhase;
			buildActionMask = 2147483647;
			files = (
				A045AF181943896F00DEF243 /* CoreGraphics.framework in Frameworks */,
				A045AF1A1943896F00DEF243 /* UIKit.framework in Frameworks */,
				A045AF161943896F00DEF243 /* Foundation.framework in Frameworks */,
				2ED34793E08C4CFCA48F9C56 /* libPods.a in Frameworks */,
			);
			runOnlyForDeploymentPostprocessing = 0;
		};
		A045AF2A1943896F00DEF243 /* Frameworks */ = {
			isa = PBXFrameworksBuildPhase;
			buildActionMask = 2147483647;
			files = (
				A045AF2F1943896F00DEF243 /* XCTest.framework in Frameworks */,
				A045AF311943896F00DEF243 /* UIKit.framework in Frameworks */,
				A045AF301943896F00DEF243 /* Foundation.framework in Frameworks */,
			);
			runOnlyForDeploymentPostprocessing = 0;
		};
/* End PBXFrameworksBuildPhase section */

/* Begin PBXGroup section */
		6005A2B219439CA400B2608C /* Models */ = {
			isa = PBXGroup;
			children = (
				A045AF4419438E4200DEF243 /* IKJBlurrer.h */,
				A045AF4519438E4200DEF243 /* IKJBlurrer.m */,
				6005A2B319439CBE00B2608C /* IKJChat.h */,
				6005A2B419439CBE00B2608C /* IKJChat.m */,
			);
			name = Models;
			sourceTree = "<group>";
		};
		672B6DC41943900500094C8F /* ViewControllers */ = {
			isa = PBXGroup;
			children = (
				672B6DC51943903400094C8F /* IKJChatRoomViewController.h */,
				672B6DC61943903400094C8F /* IKJChatRoomViewController.m */,
				A045AF4A1943967D00DEF243 /* IKJSettingsViewController.h */,
				A045AF4B1943967D00DEF243 /* IKJSettingsViewController.m */,
				672B6DC81943922E00094C8F /* IKJChatRoomTableViewCell.h */,
				672B6DC91943922E00094C8F /* IKJChatRoomTableViewCell.m */,
			);
			name = ViewControllers;
			sourceTree = "<group>";
		};
		A045AF091943896F00DEF243 = {
			isa = PBXGroup;
			children = (
				A045AF1B1943896F00DEF243 /* InterfaCSSStatusBarBlurryTableViewController */,
				A045AF341943896F00DEF243 /* InterfaCSSStatusBarBlurryTableViewControllerTests */,
				A045AF141943896F00DEF243 /* Frameworks */,
				A045AF131943896F00DEF243 /* Products */,
				1EF5D25F82094C7EBD437D40 /* Pods.xcconfig */,
			);
			sourceTree = "<group>";
		};
		A045AF131943896F00DEF243 /* Products */ = {
			isa = PBXGroup;
			children = (
				A045AF121943896F00DEF243 /* InterfaCSSStatusBarBlurryTableViewController.app */,
				A045AF2D1943896F00DEF243 /* InterfaCSSStatusBarBlurryTableViewControllerTests.xctest */,
			);
			name = Products;
			sourceTree = "<group>";
		};
		A045AF141943896F00DEF243 /* Frameworks */ = {
			isa = PBXGroup;
			children = (
				A045AF151943896F00DEF243 /* Foundation.framework */,
				A045AF171943896F00DEF243 /* CoreGraphics.framework */,
				A045AF191943896F00DEF243 /* UIKit.framework */,
				A045AF2E1943896F00DEF243 /* XCTest.framework */,
				BD329F8E2E29471890DBE87C /* libPods.a */,
			);
			name = Frameworks;
			sourceTree = "<group>";
		};
		A045AF1B1943896F00DEF243 /* InterfaCSSStatusBarBlurryTableViewController */ = {
			isa = PBXGroup;
			children = (
				672B6DC41943900500094C8F /* ViewControllers */,
				A045AF241943896F00DEF243 /* IKJAppDelegate.h */,
				A045AF251943896F00DEF243 /* IKJAppDelegate.m */,
				A045AF271943896F00DEF243 /* Images.xcassets */,
				A045AF1C1943896F00DEF243 /* Supporting Files */,
				672B6DC219438F3300094C8F /* MainStoryboard.storyboard */,
				6005A2AE1943981C00B2608C /* IKJBlurrerManager.h */,
				6005A2AF1943981C00B2608C /* IKJBlurrerManager.m */,
				6005A2AB1943932E00B2608C /* IKJNetworkBlurrers.h */,
				6005A2B219439CA400B2608C /* Models */,
				6005A2AC1943932E00B2608C /* IKJNetworkBlurrers.m */,
			);
			path = InterfaCSSStatusBarBlurryTableViewController;
			sourceTree = "<group>";
		};
		A045AF1C1943896F00DEF243 /* Supporting Files */ = {
			isa = PBXGroup;
			children = (
				A045AF1D1943896F00DEF243 /* InterfaCSSStatusBarBlurryTableViewController-Info.plist */,
				A045AF1E1943896F00DEF243 /* InfoPlist.strings */,
				A045AF211943896F00DEF243 /* main.m */,
				A045AF231943896F00DEF243 /* InterfaCSSStatusBarBlurryTableViewController-Prefix.pch */,
			);
			name = "Supporting Files";
			sourceTree = "<group>";
		};
		A045AF341943896F00DEF243 /* InterfaCSSStatusBarBlurryTableViewControllerTests */ = {
			isa = PBXGroup;
			children = (
				A045AF3A1943896F00DEF243 /* InterfaCSSStatusBarBlurryTableViewControllerTests.m */,
				A045AF351943896F00DEF243 /* Supporting Files */,
			);
			path = InterfaCSSStatusBarBlurryTableViewControllerTests;
			sourceTree = "<group>";
		};
		A045AF351943896F00DEF243 /* Supporting Files */ = {
			isa = PBXGroup;
			children = (
				A045AF361943896F00DEF243 /* InterfaCSSStatusBarBlurryTableViewControllerTests-Info.plist */,
				A045AF371943896F00DEF243 /* InfoPlist.strings */,
			);
			name = "Supporting Files";
			sourceTree = "<group>";
		};
/* End PBXGroup section */

/* Begin PBXNativeTarget section */
		A045AF111943896F00DEF243 /* InterfaCSSStatusBarBlurryTableViewController */ = {
			isa = PBXNativeTarget;
			buildConfigurationList = A045AF3E1943896F00DEF243 /* Build configuration list for PBXNativeTarget "InterfaCSSStatusBarBlurryTableViewController" */;
			buildPhases = (
				972596A8BCA54660929CED74 /* Check Pods Manifest.lock */,
				A045AF0E1943896F00DEF243 /* Sources */,
				A045AF0F1943896F00DEF243 /* Frameworks */,
				A045AF101943896F00DEF243 /* Resources */,
				A5AF893DB4154CF0BD5DEFE2 /* Copy Pods Resources */,
			);
			buildRules = (
			);
			dependencies = (
			);
			name = InterfaCSSStatusBarBlurryTableViewController;
			productName = InterfaCSSStatusBarBlurryTableViewController;
			productReference = A045AF121943896F00DEF243 /* InterfaCSSStatusBarBlurryTableViewController.app */;
			productType = "com.apple.product-type.application";
		};
		A045AF2C1943896F00DEF243 /* InterfaCSSStatusBarBlurryTableViewControllerTests */ = {
			isa = PBXNativeTarget;
			buildConfigurationList = A045AF411943896F00DEF243 /* Build configuration list for PBXNativeTarget "InterfaCSSStatusBarBlurryTableViewControllerTests" */;
			buildPhases = (
				A045AF291943896F00DEF243 /* Sources */,
				A045AF2A1943896F00DEF243 /* Frameworks */,
				A045AF2B1943896F00DEF243 /* Resources */,
			);
			buildRules = (
			);
			dependencies = (
				A045AF331943896F00DEF243 /* PBXTargetDependency */,
			);
			name = InterfaCSSStatusBarBlurryTableViewControllerTests;
			productName = InterfaCSSStatusBarBlurryTableViewControllerTests;
			productReference = A045AF2D1943896F00DEF243 /* InterfaCSSStatusBarBlurryTableViewControllerTests.xctest */;
			productType = "com.apple.product-type.bundle.unit-test";
		};
/* End PBXNativeTarget section */

/* Begin PBXProject section */
		A045AF0A1943896F00DEF243 /* Project object */ = {
			isa = PBXProject;
			attributes = {
				CLASSPREFIX = IKJ;
				LastUpgradeCheck = 0510;
				ORGANIZATIONNAME = PodRoulette;
				TargetAttributes = {
					A045AF2C1943896F00DEF243 = {
						TestTargetID = A045AF111943896F00DEF243;
					};
				};
			};
			buildConfigurationList = A045AF0D1943896F00DEF243 /* Build configuration list for PBXProject "InterfaCSSStatusBarBlurryTableViewController" */;
			compatibilityVersion = "Xcode 3.2";
			developmentRegion = English;
			hasScannedForEncodings = 0;
			knownRegions = (
				en,
			);
			mainGroup = A045AF091943896F00DEF243;
			productRefGroup = A045AF131943896F00DEF243 /* Products */;
			projectDirPath = "";
			projectRoot = "";
			targets = (
				A045AF111943896F00DEF243 /* InterfaCSSStatusBarBlurryTableViewController */,
				A045AF2C1943896F00DEF243 /* InterfaCSSStatusBarBlurryTableViewControllerTests */,
			);
		};
/* End PBXProject section */

/* Begin PBXResourcesBuildPhase section */
		A045AF101943896F00DEF243 /* Resources */ = {
			isa = PBXResourcesBuildPhase;
			buildActionMask = 2147483647;
			files = (
				672B6DC319438F3300094C8F /* MainStoryboard.storyboard in Resources */,
				A045AF201943896F00DEF243 /* InfoPlist.strings in Resources */,
				A045AF281943896F00DEF243 /* Images.xcassets in Resources */,
			);
			runOnlyForDeploymentPostprocessing = 0;
		};
		A045AF2B1943896F00DEF243 /* Resources */ = {
			isa = PBXResourcesBuildPhase;
			buildActionMask = 2147483647;
			files = (
				A045AF391943896F00DEF243 /* InfoPlist.strings in Resources */,
			);
			runOnlyForDeploymentPostprocessing = 0;
		};
/* End PBXResourcesBuildPhase section */

/* Begin PBXShellScriptBuildPhase section */
		972596A8BCA54660929CED74 /* Check Pods Manifest.lock */ = {
			isa = PBXShellScriptBuildPhase;
			buildActionMask = 2147483647;
			files = (
			);
			inputPaths = (
			);
			name = "Check Pods Manifest.lock";
			outputPaths = (
			);
			runOnlyForDeploymentPostprocessing = 0;
			shellPath = /bin/sh;
			shellScript = "diff \"${PODS_ROOT}/../Podfile.lock\" \"${PODS_ROOT}/Manifest.lock\" > /dev/null\nif [[ $? != 0 ]] ; then\n    cat << EOM\nerror: The sandbox is not in sync with the Podfile.lock. Run 'pod install' or update your CocoaPods installation.\nEOM\n    exit 1\nfi\n";
			showEnvVarsInLog = 0;
		};
		A5AF893DB4154CF0BD5DEFE2 /* Copy Pods Resources */ = {
			isa = PBXShellScriptBuildPhase;
			buildActionMask = 2147483647;
			files = (
			);
			inputPaths = (
			);
			name = "Copy Pods Resources";
			outputPaths = (
			);
			runOnlyForDeploymentPostprocessing = 0;
			shellPath = /bin/sh;
			shellScript = "\"${SRCROOT}/Pods/Pods-resources.sh\"\n";
			showEnvVarsInLog = 0;
		};
/* End PBXShellScriptBuildPhase section */

/* Begin PBXSourcesBuildPhase section */
		A045AF0E1943896F00DEF243 /* Sources */ = {
			isa = PBXSourcesBuildPhase;
			buildActionMask = 2147483647;
			files = (
				6005A2B1194398CD00B2608C /* IKJNetworkBlurrers.m in Sources */,
				672B6DC71943903400094C8F /* IKJChatRoomViewController.m in Sources */,
				6005A2B519439CBE00B2608C /* IKJChat.m in Sources */,
				A045AF4619438E4200DEF243 /* IKJBlurrer.m in Sources */,
				A045AF221943896F00DEF243 /* main.m in Sources */,
				A045AF4C1943967D00DEF243 /* IKJSettingsViewController.m in Sources */,
				A045AF261943896F00DEF243 /* IKJAppDelegate.m in Sources */,
				672B6DCA1943922E00094C8F /* IKJChatRoomTableViewCell.m in Sources */,
				6005A2B01943981C00B2608C /* IKJBlurrerManager.m in Sources */,
			);
			runOnlyForDeploymentPostprocessing = 0;
		};
		A045AF291943896F00DEF243 /* Sources */ = {
			isa = PBXSourcesBuildPhase;
			buildActionMask = 2147483647;
			files = (
				A045AF3B1943896F00DEF243 /* InterfaCSSStatusBarBlurryTableViewControllerTests.m in Sources */,
			);
			runOnlyForDeploymentPostprocessing = 0;
		};
/* End PBXSourcesBuildPhase section */

/* Begin PBXTargetDependency section */
		A045AF331943896F00DEF243 /* PBXTargetDependency */ = {
			isa = PBXTargetDependency;
			target = A045AF111943896F00DEF243 /* InterfaCSSStatusBarBlurryTableViewController */;
			targetProxy = A045AF321943896F00DEF243 /* PBXContainerItemProxy */;
		};
/* End PBXTargetDependency section */

/* Begin PBXVariantGroup section */
		A045AF1E1943896F00DEF243 /* InfoPlist.strings */ = {
			isa = PBXVariantGroup;
			children = (
				A045AF1F1943896F00DEF243 /* en */,
			);
			name = InfoPlist.strings;
			sourceTree = "<group>";
		};
		A045AF371943896F00DEF243 /* InfoPlist.strings */ = {
			isa = PBXVariantGroup;
			children = (
				A045AF381943896F00DEF243 /* en */,
			);
			name = InfoPlist.strings;
			sourceTree = "<group>";
		};
/* End PBXVariantGroup section */

/* Begin XCBuildConfiguration section */
		A045AF3C1943896F00DEF243 /* Debug */ = {
			isa = XCBuildConfiguration;
			buildSettings = {
				ALWAYS_SEARCH_USER_PATHS = NO;
				CLANG_CXX_LANGUAGE_STANDARD = "gnu++0x";
				CLANG_CXX_LIBRARY = "libc++";
				CLANG_ENABLE_MODULES = YES;
				CLANG_ENABLE_OBJC_ARC = YES;
				CLANG_WARN_BOOL_CONVERSION = YES;
				CLANG_WARN_CONSTANT_CONVERSION = YES;
				CLANG_WARN_DIRECT_OBJC_ISA_USAGE = YES_ERROR;
				CLANG_WARN_EMPTY_BODY = YES;
				CLANG_WARN_ENUM_CONVERSION = YES;
				CLANG_WARN_INT_CONVERSION = YES;
				CLANG_WARN_OBJC_ROOT_CLASS = YES_ERROR;
				CLANG_WARN__DUPLICATE_METHOD_MATCH = YES;
				"CODE_SIGN_IDENTITY[sdk=iphoneos*]" = "iPhone Developer";
				COPY_PHASE_STRIP = NO;
				GCC_C_LANGUAGE_STANDARD = gnu99;
				GCC_DYNAMIC_NO_PIC = NO;
				GCC_OPTIMIZATION_LEVEL = 0;
				GCC_PREPROCESSOR_DEFINITIONS = (
					"DEBUG=1",
					"$(inherited)",
				);
				GCC_SYMBOLS_PRIVATE_EXTERN = NO;
				GCC_WARN_64_TO_32_BIT_CONVERSION = YES;
				GCC_WARN_ABOUT_RETURN_TYPE = YES_ERROR;
				GCC_WARN_UNDECLARED_SELECTOR = YES;
				GCC_WARN_UNINITIALIZED_AUTOS = YES_AGGRESSIVE;
				GCC_WARN_UNUSED_FUNCTION = YES;
				GCC_WARN_UNUSED_VARIABLE = YES;
				IPHONEOS_DEPLOYMENT_TARGET = 7.1;
				ONLY_ACTIVE_ARCH = YES;
				SDKROOT = iphoneos;
			};
			name = Debug;
		};
		A045AF3D1943896F00DEF243 /* Release */ = {
			isa = XCBuildConfiguration;
			buildSettings = {
				ALWAYS_SEARCH_USER_PATHS = NO;
				CLANG_CXX_LANGUAGE_STANDARD = "gnu++0x";
				CLANG_CXX_LIBRARY = "libc++";
				CLANG_ENABLE_MODULES = YES;
				CLANG_ENABLE_OBJC_ARC = YES;
				CLANG_WARN_BOOL_CONVERSION = YES;
				CLANG_WARN_CONSTANT_CONVERSION = YES;
				CLANG_WARN_DIRECT_OBJC_ISA_USAGE = YES_ERROR;
				CLANG_WARN_EMPTY_BODY = YES;
				CLANG_WARN_ENUM_CONVERSION = YES;
				CLANG_WARN_INT_CONVERSION = YES;
				CLANG_WARN_OBJC_ROOT_CLASS = YES_ERROR;
				CLANG_WARN__DUPLICATE_METHOD_MATCH = YES;
				"CODE_SIGN_IDENTITY[sdk=iphoneos*]" = "iPhone Developer";
				COPY_PHASE_STRIP = YES;
				ENABLE_NS_ASSERTIONS = NO;
				GCC_C_LANGUAGE_STANDARD = gnu99;
				GCC_WARN_64_TO_32_BIT_CONVERSION = YES;
				GCC_WARN_ABOUT_RETURN_TYPE = YES_ERROR;
				GCC_WARN_UNDECLARED_SELECTOR = YES;
				GCC_WARN_UNINITIALIZED_AUTOS = YES_AGGRESSIVE;
				GCC_WARN_UNUSED_FUNCTION = YES;
				GCC_WARN_UNUSED_VARIABLE = YES;
				IPHONEOS_DEPLOYMENT_TARGET = 7.1;
				SDKROOT = iphoneos;
				VALIDATE_PRODUCT = YES;
			};
			name = Release;
		};
		A045AF3F1943896F00DEF243 /* Debug */ = {
			isa = XCBuildConfiguration;
			baseConfigurationReference = 1EF5D25F82094C7EBD437D40 /* Pods.xcconfig */;
			buildSettings = {
				ASSETCATALOG_COMPILER_APPICON_NAME = AppIcon;
				ASSETCATALOG_COMPILER_LAUNCHIMAGE_NAME = LaunchImage;
				GCC_PRECOMPILE_PREFIX_HEADER = YES;
				GCC_PREFIX_HEADER = "InterfaCSSStatusBarBlurryTableViewController/InterfaCSSStatusBarBlurryTableViewController-Prefix.pch";
				INFOPLIST_FILE = "InterfaCSSStatusBarBlurryTableViewController/InterfaCSSStatusBarBlurryTableViewController-Info.plist";
				PRODUCT_NAME = "$(TARGET_NAME)";
				WRAPPER_EXTENSION = app;
			};
			name = Debug;
		};
		A045AF401943896F00DEF243 /* Release */ = {
			isa = XCBuildConfiguration;
			baseConfigurationReference = 1EF5D25F82094C7EBD437D40 /* Pods.xcconfig */;
			buildSettings = {
				ASSETCATALOG_COMPILER_APPICON_NAME = AppIcon;
				ASSETCATALOG_COMPILER_LAUNCHIMAGE_NAME = LaunchImage;
				GCC_PRECOMPILE_PREFIX_HEADER = YES;
				GCC_PREFIX_HEADER = "InterfaCSSStatusBarBlurryTableViewController/InterfaCSSStatusBarBlurryTableViewController-Prefix.pch";
				INFOPLIST_FILE = "InterfaCSSStatusBarBlurryTableViewController/InterfaCSSStatusBarBlurryTableViewController-Info.plist";
				PRODUCT_NAME = "$(TARGET_NAME)";
				WRAPPER_EXTENSION = app;
			};
			name = Release;
		};
		A045AF421943896F00DEF243 /* Debug */ = {
			isa = XCBuildConfiguration;
			buildSettings = {
				BUNDLE_LOADER = "$(BUILT_PRODUCTS_DIR)/InterfaCSSStatusBarBlurryTableViewController.app/InterfaCSSStatusBarBlurryTableViewController";
				FRAMEWORK_SEARCH_PATHS = (
					"$(SDKROOT)/Developer/Library/Frameworks",
					"$(inherited)",
					"$(DEVELOPER_FRAMEWORKS_DIR)",
				);
				GCC_PRECOMPILE_PREFIX_HEADER = YES;
				GCC_PREFIX_HEADER = "InterfaCSSStatusBarBlurryTableViewController/InterfaCSSStatusBarBlurryTableViewController-Prefix.pch";
				GCC_PREPROCESSOR_DEFINITIONS = (
					"DEBUG=1",
					"$(inherited)",
				);
				INFOPLIST_FILE = "InterfaCSSStatusBarBlurryTableViewControllerTests/InterfaCSSStatusBarBlurryTableViewControllerTests-Info.plist";
				PRODUCT_NAME = "$(TARGET_NAME)";
				TEST_HOST = "$(BUNDLE_LOADER)";
				WRAPPER_EXTENSION = xctest;
			};
			name = Debug;
		};
		A045AF431943896F00DEF243 /* Release */ = {
			isa = XCBuildConfiguration;
			buildSettings = {
				BUNDLE_LOADER = "$(BUILT_PRODUCTS_DIR)/InterfaCSSStatusBarBlurryTableViewController.app/InterfaCSSStatusBarBlurryTableViewController";
				FRAMEWORK_SEARCH_PATHS = (
					"$(SDKROOT)/Developer/Library/Frameworks",
					"$(inherited)",
					"$(DEVELOPER_FRAMEWORKS_DIR)",
				);
				GCC_PRECOMPILE_PREFIX_HEADER = YES;
				GCC_PREFIX_HEADER = "InterfaCSSStatusBarBlurryTableViewController/InterfaCSSStatusBarBlurryTableViewController-Prefix.pch";
				INFOPLIST_FILE = "InterfaCSSStatusBarBlurryTableViewControllerTests/InterfaCSSStatusBarBlurryTableViewControllerTests-Info.plist";
				PRODUCT_NAME = "$(TARGET_NAME)";
				TEST_HOST = "$(BUNDLE_LOADER)";
				WRAPPER_EXTENSION = xctest;
			};
			name = Release;
		};
/* End XCBuildConfiguration section */

/* Begin XCConfigurationList section */
		A045AF0D1943896F00DEF243 /* Build configuration list for PBXProject "InterfaCSSStatusBarBlurryTableViewController" */ = {
			isa = XCConfigurationList;
			buildConfigurations = (
				A045AF3C1943896F00DEF243 /* Debug */,
				A045AF3D1943896F00DEF243 /* Release */,
			);
			defaultConfigurationIsVisible = 0;
			defaultConfigurationName = Release;
		};
		A045AF3E1943896F00DEF243 /* Build configuration list for PBXNativeTarget "InterfaCSSStatusBarBlurryTableViewController" */ = {
			isa = XCConfigurationList;
			buildConfigurations = (
				A045AF3F1943896F00DEF243 /* Debug */,
				A045AF401943896F00DEF243 /* Release */,
			);
			defaultConfigurationIsVisible = 0;
			defaultConfigurationName = Release;
		};
		A045AF411943896F00DEF243 /* Build configuration list for PBXNativeTarget "InterfaCSSStatusBarBlurryTableViewControllerTests" */ = {
			isa = XCConfigurationList;
			buildConfigurations = (
				A045AF421943896F00DEF243 /* Debug */,
				A045AF431943896F00DEF243 /* Release */,
			);
			defaultConfigurationIsVisible = 0;
			defaultConfigurationName = Release;
		};
/* End XCConfigurationList section */
	};
	rootObject = A045AF0A1943896F00DEF243 /* Project object */;
}
